
Microsoft Visual Studio Solution File, Format Version 12.00
Project("{FAE04EC0-301F-11D3-BF4B-00C04F79EFBC}") = "testIOCcontainer", "testIOCcontainer\testIOCcontainer.csproj", "{F5BF8008-41CB-4246-971D-C412213F3A56}"
EndProject
Global
	GlobalSection(SolutionConfigurationPlatforms) = preSolution
		Debug|Any CPU = Debug|Any CPU
		Release|Any CPU = Release|Any CPU
	EndGlobalSection
	GlobalSection(ProjectConfigurationPlatforms) = postSolution
		{F5BF8008-41CB-4246-971D-C412213F3A56}.Debug|Any CPU.ActiveCfg = Debug|Any CPU
		{F5BF8008-41CB-4246-971D-C412213F3A56}.Debug|Any CPU.Build.0 = Debug|Any CPU
		{F5BF8008-41CB-4246-971D-C412213F3A56}.Release|Any CPU.ActiveCfg = Release|Any CPU
		{F5BF8008-41CB-4246-971D-C412213F3A56}.Release|Any CPU.Build.0 = Release|Any CPU
	EndGlobalSection
EndGlobal
